
Microsoft Visual Studio Solution File, Format Version 12.00
# Visual Studio Version 17
VisualStudioVersion = 17.0.32630.193
MinimumVisualStudioVersion = 10.0.40219.1
Project("{9A19103F-16F7-4668-BE54-9A1E7A4F7556}") = "CampIntro", "CampIntro\CampIntro.csproj", "{3721CEBA-1659-4748-A3F0-E6D1A036EF88}"
EndProject
Project("{9A19103F-16F7-4668-BE54-9A1E7A4F7556}") = "ClassIntro", "ClassIntro\ClassIntro.csproj", "{2B44FF61-3132-4D18-AEE7-FC2DD20C133C}"
EndProject
Project("{9A19103F-16F7-4668-BE54-9A1E7A4F7556}") = "Collections", "Collections\Collections.csproj", "{ACD12B48-53F4-414F-997E-8BFDE308DC34}"
EndProject
Project("{9A19103F-16F7-4668-BE54-9A1E7A4F7556}") = "GenericsIntro", "GenericsIntro\GenericsIntro.csproj", "{341E975D-51FD-4B2F-B8DE-F575E1DB6073}"
EndProject
Project("{9A19103F-16F7-4668-BE54-9A1E7A4F7556}") = "Loops", "Loops\Loops.csproj", "{8F150FC5-D1C2-4B88-B7A9-AADC394F6A03}"
EndProject
Project("{9A19103F-16F7-4668-BE54-9A1E7A4F7556}") = "LoopsPractice", "LoopsPractice\LoopsPractice.csproj", "{DC47E821-447F-46DC-A139-5262B15181D6}"
EndProject
Project("{9A19103F-16F7-4668-BE54-9A1E7A4F7556}") = "OOP1", "OOP1\OOP1.csproj", "{0FDB2289-3815-44A4-B71D-E22326613B40}"
EndProject
Project("{9A19103F-16F7-4668-BE54-9A1E7A4F7556}") = "Methods", "Methods\Methods.csproj", "{DFF277B8-80AF-4404-AD8F-9990C451D43C}"
EndProject
Project("{9A19103F-16F7-4668-BE54-9A1E7A4F7556}") = "Math", "Math\Math.csproj", "{1E6413E9-DE3F-4A37-85A5-036EAC77B22E}"
EndProject
Project("{9A19103F-16F7-4668-BE54-9A1E7A4F7556}") = "RefAndOut", "RefAndOut\RefAndOut.csproj", "{B9931FA6-6456-4E5E-99A1-FE895E4037B9}"
EndProject
Project("{9A19103F-16F7-4668-BE54-9A1E7A4F7556}") = "ValueAndReferenceTypes", "ValueAndReferenceTypes\ValueAndReferenceTypes.csproj", "{6EBEEDBD-389C-4FE3-9D96-71EA82A0D51C}"
EndProject
Project("{9A19103F-16F7-4668-BE54-9A1E7A4F7556}") = "VoidAndInt", "VoidAndInt\VoidAndInt.csproj", "{948376F3-9F2D-4E83-959C-C448FB1BA24E}"
EndProject
Project("{9A19103F-16F7-4668-BE54-9A1E7A4F7556}") = "ReferenceTypesPractice", "ReferenceTypesPractice\ReferenceTypesPractice.csproj", "{30B9B571-FDF1-47D3-803D-56A25F37A7BA}"
EndProject
Project("{9A19103F-16F7-4668-BE54-9A1E7A4F7556}") = "Constructors", "Constructors\Constructors.csproj", "{843C2375-43A1-4F8A-B549-73D21232B6C4}"
EndProject
Project("{9A19103F-16F7-4668-BE54-9A1E7A4F7556}") = "ClassMethodDemo", "ClassMethodDemo\ClassMethodDemo.csproj", "{30C4056F-ED74-4984-ACD4-87330D400F29}"
EndProject
Project("{9A19103F-16F7-4668-BE54-9A1E7A4F7556}") = "GenericsPractice", "GenericsPractice\GenericsPractice.csproj", "{4F9686EC-F611-4FC1-B799-2BA283ED8B32}"
EndProject
Project("{9A19103F-16F7-4668-BE54-9A1E7A4F7556}") = "OOP2", "OOP2\OOP2.csproj", "{05CA4892-9AAE-420F-8961-B99CB9C77569}"
EndProject
Project("{9A19103F-16F7-4668-BE54-9A1E7A4F7556}") = "OOP3", "OOP3\OOP3.csproj", "{A3EF8B29-423D-4A98-83AE-9390B3234057}"
EndProject
Project("{9A19103F-16F7-4668-BE54-9A1E7A4F7556}") = "Prac_GetAndSet", "Prac_GetAndSet\Prac_GetAndSet.csproj", "{9D751052-EF7B-4B63-BCF8-526350D7BA91}"
EndProject
Project("{FAE04EC0-301F-11D3-BF4B-00C04F79EFBC}") = "RecapDemo1", "RecapDemo1\RecapDemo1.csproj", "{9621C1DB-9E65-4389-AD65-0921BB26608D}"
EndProject
Project("{9A19103F-16F7-4668-BE54-9A1E7A4F7556}") = "Prac_Interfaces", "Prac_Interfaces\Prac_Interfaces.csproj", "{EBD57404-B0C7-40A9-9F10-328B19E577EC}"
EndProject
Project("{9A19103F-16F7-4668-BE54-9A1E7A4F7556}") = "Prac_InterfacesDemo", "Prac_InterfacesDemo\Prac_InterfacesDemo.csproj", "{A3CA0B79-2BC8-4E84-87EB-8523BD6FE40B}"
EndProject
Project("{9A19103F-16F7-4668-BE54-9A1E7A4F7556}") = "Prac_Inheritance", "Prac_Inheritance\Prac_Inheritance.csproj", "{317DFF5F-6EEA-40F5-8843-DBBCC47464F4}"
EndProject
Project("{9A19103F-16F7-4668-BE54-9A1E7A4F7556}") = "Prac_Interfaces2", "Prac_Interfaces2\Prac_Interfaces2.csproj", "{05D08ADB-8170-4575-B519-2E4E02AC39A6}"
EndProject
Project("{9A19103F-16F7-4668-BE54-9A1E7A4F7556}") = "Prac_InterfaceAbstractDemo", "Prac_InterfaceAbstractDemo\Prac_InterfaceAbstractDemo.csproj", "{F5B58283-D0F1-4BD7-B30C-44BF9C3158C2}"
EndProject
Project("{FAE04EC0-301F-11D3-BF4B-00C04F79EFBC}") = "GameProject", "GameProject\GameProject.csproj", "{1F8A12EB-6B4A-4745-BA13-347524C0CD97}"
EndProject
Global
	GlobalSection(SolutionConfigurationPlatforms) = preSolution
		Debug|Any CPU = Debug|Any CPU
		Release|Any CPU = Release|Any CPU
	EndGlobalSection
	GlobalSection(ProjectConfigurationPlatforms) = postSolution
		{3721CEBA-1659-4748-A3F0-E6D1A036EF88}.Debug|Any CPU.ActiveCfg = Debug|Any CPU
		{3721CEBA-1659-4748-A3F0-E6D1A036EF88}.Debug|Any CPU.Build.0 = Debug|Any CPU
		{3721CEBA-1659-4748-A3F0-E6D1A036EF88}.Release|Any CPU.ActiveCfg = Release|Any CPU
		{3721CEBA-1659-4748-A3F0-E6D1A036EF88}.Release|Any CPU.Build.0 = Release|Any CPU
		{2B44FF61-3132-4D18-AEE7-FC2DD20C133C}.Debug|Any CPU.ActiveCfg = Debug|Any CPU
		{2B44FF61-3132-4D18-AEE7-FC2DD20C133C}.Debug|Any CPU.Build.0 = Debug|Any CPU
		{2B44FF61-3132-4D18-AEE7-FC2DD20C133C}.Release|Any CPU.ActiveCfg = Release|Any CPU
		{2B44FF61-3132-4D18-AEE7-FC2DD20C133C}.Release|Any CPU.Build.0 = Release|Any CPU
		{ACD12B48-53F4-414F-997E-8BFDE308DC34}.Debug|Any CPU.ActiveCfg = Debug|Any CPU
		{ACD12B48-53F4-414F-997E-8BFDE308DC34}.Debug|Any CPU.Build.0 = Debug|Any CPU
		{ACD12B48-53F4-414F-997E-8BFDE308DC34}.Release|Any CPU.ActiveCfg = Release|Any CPU
		{ACD12B48-53F4-414F-997E-8BFDE308DC34}.Release|Any CPU.Build.0 = Release|Any CPU
		{341E975D-51FD-4B2F-B8DE-F575E1DB6073}.Debug|Any CPU.ActiveCfg = Debug|Any CPU
		{341E975D-51FD-4B2F-B8DE-F575E1DB6073}.Debug|Any CPU.Build.0 = Debug|Any CPU
		{341E975D-51FD-4B2F-B8DE-F575E1DB6073}.Release|Any CPU.ActiveCfg = Release|Any CPU
		{341E975D-51FD-4B2F-B8DE-F575E1DB6073}.Release|Any CPU.Build.0 = Release|Any CPU
		{8F150FC5-D1C2-4B88-B7A9-AADC394F6A03}.Debug|Any CPU.ActiveCfg = Debug|Any CPU
		{8F150FC5-D1C2-4B88-B7A9-AADC394F6A03}.Debug|Any CPU.Build.0 = Debug|Any CPU
		{8F150FC5-D1C2-4B88-B7A9-AADC394F6A03}.Release|Any CPU.ActiveCfg = Release|Any CPU
		{8F150FC5-D1C2-4B88-B7A9-AADC394F6A03}.Release|Any CPU.Build.0 = Release|Any CPU
		{DC47E821-447F-46DC-A139-5262B15181D6}.Debug|Any CPU.ActiveCfg = Debug|Any CPU
		{DC47E821-447F-46DC-A139-5262B15181D6}.Debug|Any CPU.Build.0 = Debug|Any CPU
		{DC47E821-447F-46DC-A139-5262B15181D6}.Release|Any CPU.ActiveCfg = Release|Any CPU
		{DC47E821-447F-46DC-A139-5262B15181D6}.Release|Any CPU.Build.0 = Release|Any CPU
		{0FDB2289-3815-44A4-B71D-E22326613B40}.Debug|Any CPU.ActiveCfg = Debug|Any CPU
		{0FDB2289-3815-44A4-B71D-E22326613B40}.Debug|Any CPU.Build.0 = Debug|Any CPU
		{0FDB2289-3815-44A4-B71D-E22326613B40}.Release|Any CPU.ActiveCfg = Release|Any CPU
		{0FDB2289-3815-44A4-B71D-E22326613B40}.Release|Any CPU.Build.0 = Release|Any CPU
		{DFF277B8-80AF-4404-AD8F-9990C451D43C}.Debug|Any CPU.ActiveCfg = Debug|Any CPU
		{DFF277B8-80AF-4404-AD8F-9990C451D43C}.Debug|Any CPU.Build.0 = Debug|Any CPU
		{DFF277B8-80AF-4404-AD8F-9990C451D43C}.Release|Any CPU.ActiveCfg = Release|Any CPU
		{DFF277B8-80AF-4404-AD8F-9990C451D43C}.Release|Any CPU.Build.0 = Release|Any CPU
		{1E6413E9-DE3F-4A37-85A5-036EAC77B22E}.Debug|Any CPU.ActiveCfg = Debug|Any CPU
		{1E6413E9-DE3F-4A37-85A5-036EAC77B22E}.Debug|Any CPU.Build.0 = Debug|Any CPU
		{1E6413E9-DE3F-4A37-85A5-036EAC77B22E}.Release|Any CPU.ActiveCfg = Release|Any CPU
		{1E6413E9-DE3F-4A37-85A5-036EAC77B22E}.Release|Any CPU.Build.0 = Release|Any CPU
		{B9931FA6-6456-4E5E-99A1-FE895E4037B9}.Debug|Any CPU.ActiveCfg = Debug|Any CPU
		{B9931FA6-6456-4E5E-99A1-FE895E4037B9}.Debug|Any CPU.Build.0 = Debug|Any CPU
		{B9931FA6-6456-4E5E-99A1-FE895E4037B9}.Release|Any CPU.ActiveCfg = Release|Any CPU
		{B9931FA6-6456-4E5E-99A1-FE895E4037B9}.Release|Any CPU.Build.0 = Release|Any CPU
		{6EBEEDBD-389C-4FE3-9D96-71EA82A0D51C}.Debug|Any CPU.ActiveCfg = Debug|Any CPU
		{6EBEEDBD-389C-4FE3-9D96-71EA82A0D51C}.Debug|Any CPU.Build.0 = Debug|Any CPU
		{6EBEEDBD-389C-4FE3-9D96-71EA82A0D51C}.Release|Any CPU.ActiveCfg = Release|Any CPU
		{6EBEEDBD-389C-4FE3-9D96-71EA82A0D51C}.Release|Any CPU.Build.0 = Release|Any CPU
		{948376F3-9F2D-4E83-959C-C448FB1BA24E}.Debug|Any CPU.ActiveCfg = Debug|Any CPU
		{948376F3-9F2D-4E83-959C-C448FB1BA24E}.Debug|Any CPU.Build.0 = Debug|Any CPU
		{948376F3-9F2D-4E83-959C-C448FB1BA24E}.Release|Any CPU.ActiveCfg = Release|Any CPU
		{948376F3-9F2D-4E83-959C-C448FB1BA24E}.Release|Any CPU.Build.0 = Release|Any CPU
		{30B9B571-FDF1-47D3-803D-56A25F37A7BA}.Debug|Any CPU.ActiveCfg = Debug|Any CPU
		{30B9B571-FDF1-47D3-803D-56A25F37A7BA}.Debug|Any CPU.Build.0 = Debug|Any CPU
		{30B9B571-FDF1-47D3-803D-56A25F37A7BA}.Release|Any CPU.ActiveCfg = Release|Any CPU
		{30B9B571-FDF1-47D3-803D-56A25F37A7BA}.Release|Any CPU.Build.0 = Release|Any CPU
		{843C2375-43A1-4F8A-B549-73D21232B6C4}.Debug|Any CPU.ActiveCfg = Debug|Any CPU
		{843C2375-43A1-4F8A-B549-73D21232B6C4}.Debug|Any CPU.Build.0 = Debug|Any CPU
		{843C2375-43A1-4F8A-B549-73D21232B6C4}.Release|Any CPU.ActiveCfg = Release|Any CPU
		{843C2375-43A1-4F8A-B549-73D21232B6C4}.Release|Any CPU.Build.0 = Release|Any CPU
		{30C4056F-ED74-4984-ACD4-87330D400F29}.Debug|Any CPU.ActiveCfg = Debug|Any CPU
		{30C4056F-ED74-4984-ACD4-87330D400F29}.Debug|Any CPU.Build.0 = Debug|Any CPU
		{30C4056F-ED74-4984-ACD4-87330D400F29}.Release|Any CPU.ActiveCfg = Release|Any CPU
		{30C4056F-ED74-4984-ACD4-87330D400F29}.Release|Any CPU.Build.0 = Release|Any CPU
		{4F9686EC-F611-4FC1-B799-2BA283ED8B32}.Debug|Any CPU.ActiveCfg = Debug|Any CPU
		{4F9686EC-F611-4FC1-B799-2BA283ED8B32}.Debug|Any CPU.Build.0 = Debug|Any CPU
		{4F9686EC-F611-4FC1-B799-2BA283ED8B32}.Release|Any CPU.ActiveCfg = Release|Any CPU
		{4F9686EC-F611-4FC1-B799-2BA283ED8B32}.Release|Any CPU.Build.0 = Release|Any CPU
		{05CA4892-9AAE-420F-8961-B99CB9C77569}.Debug|Any CPU.ActiveCfg = Debug|Any CPU
		{05CA4892-9AAE-420F-8961-B99CB9C77569}.Debug|Any CPU.Build.0 = Debug|Any CPU
		{05CA4892-9AAE-420F-8961-B99CB9C77569}.Release|Any CPU.ActiveCfg = Release|Any CPU
		{05CA4892-9AAE-420F-8961-B99CB9C77569}.Release|Any CPU.Build.0 = Release|Any CPU
		{A3EF8B29-423D-4A98-83AE-9390B3234057}.Debug|Any CPU.ActiveCfg = Debug|Any CPU
		{A3EF8B29-423D-4A98-83AE-9390B3234057}.Debug|Any CPU.Build.0 = Debug|Any CPU
		{A3EF8B29-423D-4A98-83AE-9390B3234057}.Release|Any CPU.ActiveCfg = Release|Any CPU
		{A3EF8B29-423D-4A98-83AE-9390B3234057}.Release|Any CPU.Build.0 = Release|Any CPU
		{9D751052-EF7B-4B63-BCF8-526350D7BA91}.Debug|Any CPU.ActiveCfg = Debug|Any CPU
		{9D751052-EF7B-4B63-BCF8-526350D7BA91}.Debug|Any CPU.Build.0 = Debug|Any CPU
		{9D751052-EF7B-4B63-BCF8-526350D7BA91}.Release|Any CPU.ActiveCfg = Release|Any CPU
		{9D751052-EF7B-4B63-BCF8-526350D7BA91}.Release|Any CPU.Build.0 = Release|Any CPU
		{9621C1DB-9E65-4389-AD65-0921BB26608D}.Debug|Any CPU.ActiveCfg = Debug|Any CPU
		{9621C1DB-9E65-4389-AD65-0921BB26608D}.Debug|Any CPU.Build.0 = Debug|Any CPU
		{9621C1DB-9E65-4389-AD65-0921BB26608D}.Release|Any CPU.ActiveCfg = Release|Any CPU
		{9621C1DB-9E65-4389-AD65-0921BB26608D}.Release|Any CPU.Build.0 = Release|Any CPU
		{EBD57404-B0C7-40A9-9F10-328B19E577EC}.Debug|Any CPU.ActiveCfg = Debug|Any CPU
		{EBD57404-B0C7-40A9-9F10-328B19E577EC}.Debug|Any CPU.Build.0 = Debug|Any CPU
		{EBD57404-B0C7-40A9-9F10-328B19E577EC}.Release|Any CPU.ActiveCfg = Release|Any CPU
		{EBD57404-B0C7-40A9-9F10-328B19E577EC}.Release|Any CPU.Build.0 = Release|Any CPU
		{A3CA0B79-2BC8-4E84-87EB-8523BD6FE40B}.Debug|Any CPU.ActiveCfg = Debug|Any CPU
		{A3CA0B79-2BC8-4E84-87EB-8523BD6FE40B}.Debug|Any CPU.Build.0 = Debug|Any CPU
		{A3CA0B79-2BC8-4E84-87EB-8523BD6FE40B}.Release|Any CPU.ActiveCfg = Release|Any CPU
		{A3CA0B79-2BC8-4E84-87EB-8523BD6FE40B}.Release|Any CPU.Build.0 = Release|Any CPU
		{317DFF5F-6EEA-40F5-8843-DBBCC47464F4}.Debug|Any CPU.ActiveCfg = Debug|Any CPU
		{317DFF5F-6EEA-40F5-8843-DBBCC47464F4}.Debug|Any CPU.Build.0 = Debug|Any CPU
		{317DFF5F-6EEA-40F5-8843-DBBCC47464F4}.Release|Any CPU.ActiveCfg = Release|Any CPU
		{317DFF5F-6EEA-40F5-8843-DBBCC47464F4}.Release|Any CPU.Build.0 = Release|Any CPU
		{05D08ADB-8170-4575-B519-2E4E02AC39A6}.Debug|Any CPU.ActiveCfg = Debug|Any CPU
		{05D08ADB-8170-4575-B519-2E4E02AC39A6}.Debug|Any CPU.Build.0 = Debug|Any CPU
		{05D08ADB-8170-4575-B519-2E4E02AC39A6}.Release|Any CPU.ActiveCfg = Release|Any CPU
		{05D08ADB-8170-4575-B519-2E4E02AC39A6}.Release|Any CPU.Build.0 = Release|Any CPU
		{F5B58283-D0F1-4BD7-B30C-44BF9C3158C2}.Debug|Any CPU.ActiveCfg = Debug|Any CPU
		{F5B58283-D0F1-4BD7-B30C-44BF9C3158C2}.Debug|Any CPU.Build.0 = Debug|Any CPU
		{F5B58283-D0F1-4BD7-B30C-44BF9C3158C2}.Release|Any CPU.ActiveCfg = Release|Any CPU
		{F5B58283-D0F1-4BD7-B30C-44BF9C3158C2}.Release|Any CPU.Build.0 = Release|Any CPU
		{1F8A12EB-6B4A-4745-BA13-347524C0CD97}.Debug|Any CPU.ActiveCfg = Debug|Any CPU
		{1F8A12EB-6B4A-4745-BA13-347524C0CD97}.Debug|Any CPU.Build.0 = Debug|Any CPU
		{1F8A12EB-6B4A-4745-BA13-347524C0CD97}.Release|Any CPU.ActiveCfg = Release|Any CPU
		{1F8A12EB-6B4A-4745-BA13-347524C0CD97}.Release|Any CPU.Build.0 = Release|Any CPU
	EndGlobalSection
	GlobalSection(SolutionProperties) = preSolution
		HideSolutionNode = FALSE
	EndGlobalSection
	GlobalSection(ExtensibilityGlobals) = postSolution
		SolutionGuid = {EA8E7457-A5B0-4EC5-8421-028AC45F9F6E}
	EndGlobalSection
EndGlobal
